
Microsoft Visual Studio Solution File, Format Version 12.00
# Visual Studio Version 17
VisualStudioVersion = 17.10.35122.118
MinimumVisualStudioVersion = 10.0.40219.1
Project("{9A19103F-16F7-4668-BE54-9A1E7A4F7556}") = "Lakshmi.Api.Web", "Lakshmi.Api.Web\Lakshmi.Api.Web.csproj", "{A22B804D-27FC-4B4B-89C5-67F2FAA1289D}"
EndProject
Project("{9A19103F-16F7-4668-BE54-9A1E7A4F7556}") = "Lakshmi.Api.Infrastructure", "Lakshmi.Api.Infrastructure\Lakshmi.Api.Infrastructure.csproj", "{83E1FBEF-DBA0-4773-BA4A-304B8E059292}"
EndProject
Project("{9A19103F-16F7-4668-BE54-9A1E7A4F7556}") = "Lakshmi.Api.Domain", "Lakshmi.Api.Domain\Lakshmi.Api.Domain.csproj", "{AF09BEA7-40D5-4281-AC7B-D58AC305969F}"
EndProject
Project("{2150E333-8FDC-42A3-9474-1A3956D46DE8}") = "src", "src", "{DE7F9D3E-D63F-46EA-982E-009434F1E0E4}"
EndProject
Global
	GlobalSection(SolutionConfigurationPlatforms) = preSolution
		Debug|Any CPU = Debug|Any CPU
		Release|Any CPU = Release|Any CPU
	EndGlobalSection
	GlobalSection(ProjectConfigurationPlatforms) = postSolution
		{A22B804D-27FC-4B4B-89C5-67F2FAA1289D}.Debug|Any CPU.ActiveCfg = Debug|Any CPU
		{A22B804D-27FC-4B4B-89C5-67F2FAA1289D}.Debug|Any CPU.Build.0 = Debug|Any CPU
		{A22B804D-27FC-4B4B-89C5-67F2FAA1289D}.Release|Any CPU.ActiveCfg = Release|Any CPU
		{A22B804D-27FC-4B4B-89C5-67F2FAA1289D}.Release|Any CPU.Build.0 = Release|Any CPU
		{83E1FBEF-DBA0-4773-BA4A-304B8E059292}.Debug|Any CPU.ActiveCfg = Debug|Any CPU
		{83E1FBEF-DBA0-4773-BA4A-304B8E059292}.Debug|Any CPU.Build.0 = Debug|Any CPU
		{83E1FBEF-DBA0-4773-BA4A-304B8E059292}.Release|Any CPU.ActiveCfg = Release|Any CPU
		{83E1FBEF-DBA0-4773-BA4A-304B8E059292}.Release|Any CPU.Build.0 = Release|Any CPU
		{AF09BEA7-40D5-4281-AC7B-D58AC305969F}.Debug|Any CPU.ActiveCfg = Debug|Any CPU
		{AF09BEA7-40D5-4281-AC7B-D58AC305969F}.Debug|Any CPU.Build.0 = Debug|Any CPU
		{AF09BEA7-40D5-4281-AC7B-D58AC305969F}.Release|Any CPU.ActiveCfg = Release|Any CPU
		{AF09BEA7-40D5-4281-AC7B-D58AC305969F}.Release|Any CPU.Build.0 = Release|Any CPU
	EndGlobalSection
	GlobalSection(SolutionProperties) = preSolution
		HideSolutionNode = FALSE
	EndGlobalSection
	GlobalSection(NestedProjects) = preSolution
		{A22B804D-27FC-4B4B-89C5-67F2FAA1289D} = {DE7F9D3E-D63F-46EA-982E-009434F1E0E4}
		{83E1FBEF-DBA0-4773-BA4A-304B8E059292} = {DE7F9D3E-D63F-46EA-982E-009434F1E0E4}
		{AF09BEA7-40D5-4281-AC7B-D58AC305969F} = {DE7F9D3E-D63F-46EA-982E-009434F1E0E4}
	EndGlobalSection
	GlobalSection(ExtensibilityGlobals) = postSolution
		SolutionGuid = {03C7472D-AAC9-4189-9B8E-81D8E6AA3B08}
	EndGlobalSection
EndGlobal
